
Microsoft Visual Studio Solution File, Format Version 12.00
# Visual Studio Version 17
VisualStudioVersion = 17.5.002.0
MinimumVisualStudioVersion = 10.0.40219.1
Project("{9A19103F-16F7-4668-BE54-9A1E7A4F7556}") = "CleanCodeAssignments", "CleanCodeAssignments.csproj", "{DE99CCB4-4E0B-42AC-8E41-15C4F8D4045A}"
EndProject
Global
	GlobalSection(SolutionConfigurationPlatforms) = preSolution
		Debug|Any CPU = Debug|Any CPU
		Release|Any CPU = Release|Any CPU
	EndGlobalSection
	GlobalSection(ProjectConfigurationPlatforms) = postSolution
		{DE99CCB4-4E0B-42AC-8E41-15C4F8D4045A}.Debug|Any CPU.ActiveCfg = Debug|Any CPU
		{DE99CCB4-4E0B-42AC-8E41-15C4F8D4045A}.Debug|Any CPU.Build.0 = Debug|Any CPU
		{DE99CCB4-4E0B-42AC-8E41-15C4F8D4045A}.Release|Any CPU.ActiveCfg = Release|Any CPU
		{DE99CCB4-4E0B-42AC-8E41-15C4F8D4045A}.Release|Any CPU.Build.0 = Release|Any CPU
	EndGlobalSection
	GlobalSection(SolutionProperties) = preSolution
		HideSolutionNode = FALSE
	EndGlobalSection
	GlobalSection(ExtensibilityGlobals) = postSolution
		SolutionGuid = {E2E78C0F-0311-4E2E-8D1C-495AD0D3D93A}
	EndGlobalSection
EndGlobal
